
Microsoft Visual Studio Solution File, Format Version 12.00
# Visual Studio Version 16
VisualStudioVersion = 16.0.31129.286
MinimumVisualStudioVersion = 10.0.40219.1
Project("{FAE04EC0-301F-11D3-BF4B-00C04F79EFBC}") = "Console_batch_Final", "Console_batch_Final.csproj", "{EA22EBF5-E22E-43D4-8D27-498CA52B9EFC}"
EndProject
Global
	GlobalSection(SolutionConfigurationPlatforms) = preSolution
		Debug|Any CPU = Debug|Any CPU
		Release|Any CPU = Release|Any CPU
	EndGlobalSection
	GlobalSection(ProjectConfigurationPlatforms) = postSolution
		{EA22EBF5-E22E-43D4-8D27-498CA52B9EFC}.Debug|Any CPU.ActiveCfg = Debug|Any CPU
		{EA22EBF5-E22E-43D4-8D27-498CA52B9EFC}.Debug|Any CPU.Build.0 = Debug|Any CPU
		{EA22EBF5-E22E-43D4-8D27-498CA52B9EFC}.Release|Any CPU.ActiveCfg = Release|Any CPU
		{EA22EBF5-E22E-43D4-8D27-498CA52B9EFC}.Release|Any CPU.Build.0 = Release|Any CPU
	EndGlobalSection
	GlobalSection(SolutionProperties) = preSolution
		HideSolutionNode = FALSE
	EndGlobalSection
	GlobalSection(ExtensibilityGlobals) = postSolution
		SolutionGuid = {34D9452B-BFF2-43C6-BE94-D37815A62B63}
	EndGlobalSection
EndGlobal
